// !$*UTF8*$!
{
	archiveVersion = 1;
	classes = {
	};
	objectVersion = 50;
	objects = {

/* Begin PBXBuildFile section */
		21437687223C403D00375845 /* main.swift in Sources */ = {isa = PBXBuildFile; fileRef = 21437686223C403D00375845 /* main.swift */; };
		2143769222403C7500375845 /* main.swift in Sources */ = {isa = PBXBuildFile; fileRef = 2143769122403C7500375845 /* main.swift */; };
		DA29A226222F311400F60FBE /* main.swift in Sources */ = {isa = PBXBuildFile; fileRef = DA29A225222F311400F60FBE /* main.swift */; };
		DA2FA5202231C77C008268B0 /* main.swift in Sources */ = {isa = PBXBuildFile; fileRef = DA2FA51F2231C77C008268B0 /* main.swift */; };
		DA9926D12231E5A60014BFDB /* main.swift in Sources */ = {isa = PBXBuildFile; fileRef = DA9926D02231E5A60014BFDB /* main.swift */; };
		DA9926DE22331C230014BFDB /* main.swift in Sources */ = {isa = PBXBuildFile; fileRef = DA9926DD22331C230014BFDB /* main.swift */; };
		DA9926EA223811EB0014BFDB /* evaluateString.swift in Sources */ = {isa = PBXBuildFile; fileRef = DA9926E9223811EB0014BFDB /* evaluateString.swift */; };
		DA9926EC223858000014BFDB /* searchs.swift in Sources */ = {isa = PBXBuildFile; fileRef = DA9926EB223857FF0014BFDB /* searchs.swift */; };
		DA9926EE223878520014BFDB /* QuickSort.swift in Sources */ = {isa = PBXBuildFile; fileRef = DA9926ED223878520014BFDB /* QuickSort.swift */; };
		DA9926F6223897A20014BFDB /* main.swift in Sources */ = {isa = PBXBuildFile; fileRef = DA9926F5223897A20014BFDB /* main.swift */; };
		DA9927012239C7660014BFDB /* main.swift in Sources */ = {isa = PBXBuildFile; fileRef = DA9927002239C7660014BFDB /* main.swift */; };
		DA9B7D362230757D00D8E8F3 /* main.swift in Sources */ = {isa = PBXBuildFile; fileRef = DA9B7D352230757D00D8E8F3 /* main.swift */; };
		DAA796D8223AF15F0053518C /* main.swift in Sources */ = {isa = PBXBuildFile; fileRef = DAA796D7223AF15F0053518C /* main.swift */; };
		DAA796E3223B0FFE0053518C /* main.swift in Sources */ = {isa = PBXBuildFile; fileRef = DAA796E2223B0FFE0053518C /* main.swift */; };
		DAA796E9223B10130053518C /* QueensSolver.swift in Sources */ = {isa = PBXBuildFile; fileRef = DAA796E7223B10130053518C /* QueensSolver.swift */; };
		DAA796EA223B10130053518C /* Board.swift in Sources */ = {isa = PBXBuildFile; fileRef = DAA796E8223B10130053518C /* Board.swift */; };
		DAACA8AF22308D7D009A8F42 /* main.swift in Sources */ = {isa = PBXBuildFile; fileRef = DAACA8AE22308D7D009A8F42 /* main.swift */; };
/* End PBXBuildFile section */

/* Begin PBXCopyFilesBuildPhase section */
		21437682223C403D00375845 /* CopyFiles */ = {
			isa = PBXCopyFilesBuildPhase;
			buildActionMask = 2147483647;
			dstPath = /usr/share/man/man1/;
			dstSubfolderSpec = 0;
			files = (
			);
			runOnlyForDeploymentPostprocessing = 1;
		};
		2143768D22403C7400375845 /* CopyFiles */ = {
			isa = PBXCopyFilesBuildPhase;
			buildActionMask = 2147483647;
			dstPath = /usr/share/man/man1/;
			dstSubfolderSpec = 0;
			files = (
			);
			runOnlyForDeploymentPostprocessing = 1;
		};
		DA29A220222F311400F60FBE /* CopyFiles */ = {
			isa = PBXCopyFilesBuildPhase;
			buildActionMask = 2147483647;
			dstPath = /usr/share/man/man1/;
			dstSubfolderSpec = 0;
			files = (
			);
			runOnlyForDeploymentPostprocessing = 1;
		};
		DA2FA51B2231C77B008268B0 /* CopyFiles */ = {
			isa = PBXCopyFilesBuildPhase;
			buildActionMask = 2147483647;
			dstPath = /usr/share/man/man1/;
			dstSubfolderSpec = 0;
			files = (
			);
			runOnlyForDeploymentPostprocessing = 1;
		};
		DA9926CC2231E5A60014BFDB /* CopyFiles */ = {
			isa = PBXCopyFilesBuildPhase;
			buildActionMask = 2147483647;
			dstPath = /usr/share/man/man1/;
			dstSubfolderSpec = 0;
			files = (
			);
			runOnlyForDeploymentPostprocessing = 1;
		};
		DA9926D922331C230014BFDB /* CopyFiles */ = {
			isa = PBXCopyFilesBuildPhase;
			buildActionMask = 2147483647;
			dstPath = /usr/share/man/man1/;
			dstSubfolderSpec = 0;
			files = (
			);
			runOnlyForDeploymentPostprocessing = 1;
		};
		DA9926F1223897A10014BFDB /* CopyFiles */ = {
			isa = PBXCopyFilesBuildPhase;
			buildActionMask = 2147483647;
			dstPath = /usr/share/man/man1/;
			dstSubfolderSpec = 0;
			files = (
			);
			runOnlyForDeploymentPostprocessing = 1;
		};
		DA9926FC2239C7650014BFDB /* CopyFiles */ = {
			isa = PBXCopyFilesBuildPhase;
			buildActionMask = 2147483647;
			dstPath = /usr/share/man/man1/;
			dstSubfolderSpec = 0;
			files = (
			);
			runOnlyForDeploymentPostprocessing = 1;
		};
		DA9B7D312230757D00D8E8F3 /* CopyFiles */ = {
			isa = PBXCopyFilesBuildPhase;
			buildActionMask = 2147483647;
			dstPath = /usr/share/man/man1/;
			dstSubfolderSpec = 0;
			files = (
			);
			runOnlyForDeploymentPostprocessing = 1;
		};
		DAA796D3223AF15E0053518C /* CopyFiles */ = {
			isa = PBXCopyFilesBuildPhase;
			buildActionMask = 2147483647;
			dstPath = /usr/share/man/man1/;
			dstSubfolderSpec = 0;
			files = (
			);
			runOnlyForDeploymentPostprocessing = 1;
		};
		DAA796DE223B0FFE0053518C /* CopyFiles */ = {
			isa = PBXCopyFilesBuildPhase;
			buildActionMask = 2147483647;
			dstPath = /usr/share/man/man1/;
			dstSubfolderSpec = 0;
			files = (
			);
			runOnlyForDeploymentPostprocessing = 1;
		};
		DAACA8AA22308D7D009A8F42 /* CopyFiles */ = {
			isa = PBXCopyFilesBuildPhase;
			buildActionMask = 2147483647;
			dstPath = /usr/share/man/man1/;
			dstSubfolderSpec = 0;
			files = (
			);
			runOnlyForDeploymentPostprocessing = 1;
		};
/* End PBXCopyFilesBuildPhase section */

/* Begin PBXFileReference section */
		21437684223C403D00375845 /* Friday Exercise 1 */ = {isa = PBXFileReference; explicitFileType = "compiled.mach-o.executable"; includeInIndex = 0; path = "Friday Exercise 1"; sourceTree = BUILT_PRODUCTS_DIR; };
		21437686223C403D00375845 /* main.swift */ = {isa = PBXFileReference; lastKnownFileType = sourcecode.swift; path = main.swift; sourceTree = "<group>"; };
		2143768F22403C7400375845 /* Adjacency-Matrix */ = {isa = PBXFileReference; explicitFileType = "compiled.mach-o.executable"; includeInIndex = 0; path = "Adjacency-Matrix"; sourceTree = BUILT_PRODUCTS_DIR; };
		2143769122403C7500375845 /* main.swift */ = {isa = PBXFileReference; lastKnownFileType = sourcecode.swift; path = main.swift; sourceTree = "<group>"; };
		DA29A222222F311400F60FBE /* Swift-Labs */ = {isa = PBXFileReference; explicitFileType = "compiled.mach-o.executable"; includeInIndex = 0; path = "Swift-Labs"; sourceTree = BUILT_PRODUCTS_DIR; };
		DA29A225222F311400F60FBE /* main.swift */ = {isa = PBXFileReference; lastKnownFileType = sourcecode.swift; path = main.swift; sourceTree = "<group>"; };
		DA29A22C222F4A8E00F60FBE /* ConstantsVariables.playground */ = {isa = PBXFileReference; lastKnownFileType = file.playground; name = ConstantsVariables.playground; path = ../../../Downloads/SwiftBasics/ConstantsVariables.playground; sourceTree = "<group>"; xcLanguageSpecificationIdentifier = xcode.lang.swift; };
		DA29A22D222F4A8F00F60FBE /* TypesOperators.playground */ = {isa = PBXFileReference; lastKnownFileType = file.playground; name = TypesOperators.playground; path = ../../../Downloads/SwiftBasics/TypesOperators.playground; sourceTree = "<group>"; xcLanguageSpecificationIdentifier = xcode.lang.swift; };
		DA29A22E222F4A8F00F60FBE /* Strings.playground */ = {isa = PBXFileReference; lastKnownFileType = file.playground; name = Strings.playground; path = ../../../Downloads/SwiftBasics/Strings.playground; sourceTree = "<group>"; xcLanguageSpecificationIdentifier = xcode.lang.swift; };
		DA29A22F222F4A8F00F60FBE /* Exercises.playground */ = {isa = PBXFileReference; lastKnownFileType = file.playground; name = Exercises.playground; path = ../../../Downloads/SwiftBasics/Exercises.playground; sourceTree = "<group>"; xcLanguageSpecificationIdentifier = xcode.lang.swift; };
		DA2FA51D2231C77B008268B0 /* Functions */ = {isa = PBXFileReference; explicitFileType = "compiled.mach-o.executable"; includeInIndex = 0; path = Functions; sourceTree = BUILT_PRODUCTS_DIR; };
		DA2FA51F2231C77C008268B0 /* main.swift */ = {isa = PBXFileReference; lastKnownFileType = sourcecode.swift; path = main.swift; sourceTree = "<group>"; };
		DA2FA5242231C7BF008268B0 /* Exercises.playground */ = {isa = PBXFileReference; lastKnownFileType = file.playground; path = Exercises.playground; sourceTree = "<group>"; xcLanguageSpecificationIdentifier = xcode.lang.swift; };
		DA2FA5252231C7C6008268B0 /* Functions.playground */ = {isa = PBXFileReference; lastKnownFileType = file.playground; path = Functions.playground; sourceTree = "<group>"; xcLanguageSpecificationIdentifier = xcode.lang.swift; };
		DA9926CE2231E5A60014BFDB /* Collections */ = {isa = PBXFileReference; explicitFileType = "compiled.mach-o.executable"; includeInIndex = 0; path = Collections; sourceTree = BUILT_PRODUCTS_DIR; };
		DA9926D02231E5A60014BFDB /* main.swift */ = {isa = PBXFileReference; lastKnownFileType = sourcecode.swift; path = main.swift; sourceTree = "<group>"; };
		DA9926D52231E5BC0014BFDB /* Collections.playground */ = {isa = PBXFileReference; lastKnownFileType = file.playground; name = Collections.playground; path = ../../../Downloads/Collections/Collections.playground; sourceTree = "<group>"; xcLanguageSpecificationIdentifier = xcode.lang.swift; };
		DA9926D62231E5BC0014BFDB /* Exercises.playground */ = {isa = PBXFileReference; lastKnownFileType = file.playground; name = Exercises.playground; path = ../../../Downloads/Collections/Exercises.playground; sourceTree = "<group>"; xcLanguageSpecificationIdentifier = xcode.lang.swift; };
		DA9926DB22331C230014BFDB /* Recursion */ = {isa = PBXFileReference; explicitFileType = "compiled.mach-o.executable"; includeInIndex = 0; path = Recursion; sourceTree = BUILT_PRODUCTS_DIR; };
		DA9926DD22331C230014BFDB /* main.swift */ = {isa = PBXFileReference; lastKnownFileType = sourcecode.swift; path = main.swift; sourceTree = "<group>"; };
		DA9926E822333DE00014BFDB /* File.txt */ = {isa = PBXFileReference; fileEncoding = 4; lastKnownFileType = text; path = File.txt; sourceTree = "<group>"; };
		DA9926E9223811EB0014BFDB /* evaluateString.swift */ = {isa = PBXFileReference; lastKnownFileType = sourcecode.swift; path = evaluateString.swift; sourceTree = "<group>"; };
		DA9926EB223857FF0014BFDB /* searchs.swift */ = {isa = PBXFileReference; lastKnownFileType = sourcecode.swift; path = searchs.swift; sourceTree = "<group>"; };
		DA9926ED223878520014BFDB /* QuickSort.swift */ = {isa = PBXFileReference; lastKnownFileType = sourcecode.swift; path = QuickSort.swift; sourceTree = "<group>"; };
		DA9926F3223897A10014BFDB /* Crawl */ = {isa = PBXFileReference; explicitFileType = "compiled.mach-o.executable"; includeInIndex = 0; path = Crawl; sourceTree = BUILT_PRODUCTS_DIR; };
		DA9926F5223897A20014BFDB /* main.swift */ = {isa = PBXFileReference; lastKnownFileType = sourcecode.swift; path = main.swift; sourceTree = "<group>"; };
		DA9926FE2239C7650014BFDB /* Enum */ = {isa = PBXFileReference; explicitFileType = "compiled.mach-o.executable"; includeInIndex = 0; path = Enum; sourceTree = BUILT_PRODUCTS_DIR; };
		DA9927002239C7660014BFDB /* main.swift */ = {isa = PBXFileReference; lastKnownFileType = sourcecode.swift; path = main.swift; sourceTree = "<group>"; };
		DA9927072239C7C70014BFDB /* EnumsStructs.playground */ = {isa = PBXFileReference; lastKnownFileType = file.playground; path = EnumsStructs.playground; sourceTree = "<group>"; xcLanguageSpecificationIdentifier = xcode.lang.swift; };
		DA9927082239C7C70014BFDB /* Exercises.playground */ = {isa = PBXFileReference; lastKnownFileType = file.playground; path = Exercises.playground; sourceTree = "<group>"; xcLanguageSpecificationIdentifier = xcode.lang.swift; };
		DA9B7D332230757D00D8E8F3 /* Control */ = {isa = PBXFileReference; explicitFileType = "compiled.mach-o.executable"; includeInIndex = 0; path = Control; sourceTree = BUILT_PRODUCTS_DIR; };
		DA9B7D352230757D00D8E8F3 /* main.swift */ = {isa = PBXFileReference; lastKnownFileType = sourcecode.swift; path = main.swift; sourceTree = "<group>"; };
		DA9B7D3A2230758E00D8E8F3 /* Exercises.playground */ = {isa = PBXFileReference; lastKnownFileType = file.playground; name = Exercises.playground; path = ../../../Downloads/ControlFlow/Exercises.playground; sourceTree = "<group>"; xcLanguageSpecificationIdentifier = xcode.lang.swift; };
		DA9B7D3B2230758E00D8E8F3 /* ControlFlow.playground */ = {isa = PBXFileReference; lastKnownFileType = file.playground; name = ControlFlow.playground; path = ../../../Downloads/ControlFlow/ControlFlow.playground; sourceTree = "<group>"; xcLanguageSpecificationIdentifier = xcode.lang.swift; };
		DAA796D5223AF15E0053518C /* Backtracking Created Mar. 12Mar. 12 Backtracking Created Mar. 12Mar. 12 Backtracking Backtracking Backtracking Backtracking */ = {isa = PBXFileReference; explicitFileType = "compiled.mach-o.executable"; includeInIndex = 0; path = "Backtracking Created Mar. 12Mar. 12 Backtracking Created Mar. 12Mar. 12 Backtracking Backtracking Backtracking Backtracking"; sourceTree = BUILT_PRODUCTS_DIR; };
		DAA796D7223AF15F0053518C /* main.swift */ = {isa = PBXFileReference; lastKnownFileType = sourcecode.swift; path = main.swift; sourceTree = "<group>"; };
		DAA796E0223B0FFE0053518C /* MiniProject */ = {isa = PBXFileReference; explicitFileType = "compiled.mach-o.executable"; includeInIndex = 0; path = MiniProject; sourceTree = BUILT_PRODUCTS_DIR; };
		DAA796E2223B0FFE0053518C /* main.swift */ = {isa = PBXFileReference; lastKnownFileType = sourcecode.swift; path = main.swift; sourceTree = "<group>"; };
		DAA796E7223B10130053518C /* QueensSolver.swift */ = {isa = PBXFileReference; fileEncoding = 4; lastKnownFileType = sourcecode.swift; name = QueensSolver.swift; path = ../../../Downloads/QueensSolver.swift; sourceTree = "<group>"; };
		DAA796E8223B10130053518C /* Board.swift */ = {isa = PBXFileReference; fileEncoding = 4; lastKnownFileType = sourcecode.swift; name = Board.swift; path = ../../../Downloads/Board.swift; sourceTree = "<group>"; };
		DAACA8AC22308D7D009A8F42 /* SwiftOptionals */ = {isa = PBXFileReference; explicitFileType = "compiled.mach-o.executable"; includeInIndex = 0; path = SwiftOptionals; sourceTree = BUILT_PRODUCTS_DIR; };
		DAACA8AE22308D7D009A8F42 /* main.swift */ = {isa = PBXFileReference; lastKnownFileType = sourcecode.swift; path = main.swift; sourceTree = "<group>"; };
		DAEE33552230968D00F3DE59 /* Exercises.playground */ = {isa = PBXFileReference; lastKnownFileType = file.playground; path = Exercises.playground; sourceTree = "<group>"; xcLanguageSpecificationIdentifier = xcode.lang.swift; };
		DAEE3356223096A700F3DE59 /* Optionals.playground */ = {isa = PBXFileReference; lastKnownFileType = file.playground; path = Optionals.playground; sourceTree = "<group>"; xcLanguageSpecificationIdentifier = xcode.lang.swift; };
/* End PBXFileReference section */

/* Begin PBXFrameworksBuildPhase section */
		21437681223C403D00375845 /* Frameworks */ = {
			isa = PBXFrameworksBuildPhase;
			buildActionMask = 2147483647;
			files = (
			);
			runOnlyForDeploymentPostprocessing = 0;
		};
		2143768C22403C7400375845 /* Frameworks */ = {
			isa = PBXFrameworksBuildPhase;
			buildActionMask = 2147483647;
			files = (
			);
			runOnlyForDeploymentPostprocessing = 0;
		};
		DA29A21F222F311400F60FBE /* Frameworks */ = {
			isa = PBXFrameworksBuildPhase;
			buildActionMask = 2147483647;
			files = (
			);
			runOnlyForDeploymentPostprocessing = 0;
		};
		DA2FA51A2231C77B008268B0 /* Frameworks */ = {
			isa = PBXFrameworksBuildPhase;
			buildActionMask = 2147483647;
			files = (
			);
			runOnlyForDeploymentPostprocessing = 0;
		};
		DA9926CB2231E5A60014BFDB /* Frameworks */ = {
			isa = PBXFrameworksBuildPhase;
			buildActionMask = 2147483647;
			files = (
			);
			runOnlyForDeploymentPostprocessing = 0;
		};
		DA9926D822331C230014BFDB /* Frameworks */ = {
			isa = PBXFrameworksBuildPhase;
			buildActionMask = 2147483647;
			files = (
			);
			runOnlyForDeploymentPostprocessing = 0;
		};
		DA9926F0223897A10014BFDB /* Frameworks */ = {
			isa = PBXFrameworksBuildPhase;
			buildActionMask = 2147483647;
			files = (
			);
			runOnlyForDeploymentPostprocessing = 0;
		};
		DA9926FB2239C7650014BFDB /* Frameworks */ = {
			isa = PBXFrameworksBuildPhase;
			buildActionMask = 2147483647;
			files = (
			);
			runOnlyForDeploymentPostprocessing = 0;
		};
		DA9B7D302230757D00D8E8F3 /* Frameworks */ = {
			isa = PBXFrameworksBuildPhase;
			buildActionMask = 2147483647;
			files = (
			);
			runOnlyForDeploymentPostprocessing = 0;
		};
		DAA796D2223AF15E0053518C /* Frameworks */ = {
			isa = PBXFrameworksBuildPhase;
			buildActionMask = 2147483647;
			files = (
			);
			runOnlyForDeploymentPostprocessing = 0;
		};
		DAA796DD223B0FFE0053518C /* Frameworks */ = {
			isa = PBXFrameworksBuildPhase;
			buildActionMask = 2147483647;
			files = (
			);
			runOnlyForDeploymentPostprocessing = 0;
		};
		DAACA8A922308D7D009A8F42 /* Frameworks */ = {
			isa = PBXFrameworksBuildPhase;
			buildActionMask = 2147483647;
			files = (
			);
			runOnlyForDeploymentPostprocessing = 0;
		};
/* End PBXFrameworksBuildPhase section */

/* Begin PBXGroup section */
		21437685223C403D00375845 /* Friday Exercise 1 */ = {
			isa = PBXGroup;
			children = (
				21437686223C403D00375845 /* main.swift */,
			);
			path = "Friday Exercise 1";
			sourceTree = "<group>";
		};
		2143769022403C7500375845 /* Adjacency-Matrix */ = {
			isa = PBXGroup;
			children = (
				2143769122403C7500375845 /* main.swift */,
			);
			path = "Adjacency-Matrix";
			sourceTree = "<group>";
		};
		DA29A219222F311400F60FBE = {
			isa = PBXGroup;
			children = (
				DA29A224222F311400F60FBE /* Swift-Labs */,
				DA9B7D342230757D00D8E8F3 /* Control */,
				DAACA8AD22308D7D009A8F42 /* SwiftOptionals */,
				DA2FA51E2231C77C008268B0 /* Functions */,
				DA9926CF2231E5A60014BFDB /* Collections */,
				DA9926DC22331C230014BFDB /* Recursion */,
				DA9926F4223897A20014BFDB /* Crawl */,
				DA9926FF2239C7660014BFDB /* Enum */,
				DAA796D6223AF15F0053518C /* Backtracking */,
				DAA796E1223B0FFE0053518C /* MiniProject */,
				21437685223C403D00375845 /* Friday Exercise 1 */,
				2143769022403C7500375845 /* Adjacency-Matrix */,
				DA29A223222F311400F60FBE /* Products */,
			);
			sourceTree = "<group>";
		};
		DA29A223222F311400F60FBE /* Products */ = {
			isa = PBXGroup;
			children = (
				DA29A222222F311400F60FBE /* Swift-Labs */,
				DA9B7D332230757D00D8E8F3 /* Control */,
				DAACA8AC22308D7D009A8F42 /* SwiftOptionals */,
				DA2FA51D2231C77B008268B0 /* Functions */,
				DA9926CE2231E5A60014BFDB /* Collections */,
				DA9926DB22331C230014BFDB /* Recursion */,
				DA9926F3223897A10014BFDB /* Crawl */,
				DA9926FE2239C7650014BFDB /* Enum */,
				DAA796D5223AF15E0053518C /* Backtracking Created Mar. 12Mar. 12 Backtracking Created Mar. 12Mar. 12 Backtracking Backtracking Backtracking Backtracking */,
				DAA796E0223B0FFE0053518C /* MiniProject */,
				21437684223C403D00375845 /* Friday Exercise 1 */,
				2143768F22403C7400375845 /* Adjacency-Matrix */,
			);
			name = Products;
			sourceTree = "<group>";
		};
		DA29A224222F311400F60FBE /* Swift-Labs */ = {
			isa = PBXGroup;
			children = (
				DA29A22C222F4A8E00F60FBE /* ConstantsVariables.playground */,
				DA29A22F222F4A8F00F60FBE /* Exercises.playground */,
				DA29A22E222F4A8F00F60FBE /* Strings.playground */,
				DA29A22D222F4A8F00F60FBE /* TypesOperators.playground */,
				DA29A225222F311400F60FBE /* main.swift */,
			);
			path = "Swift-Labs";
			sourceTree = "<group>";
		};
		DA2FA51E2231C77C008268B0 /* Functions */ = {
			isa = PBXGroup;
			children = (
				DA2FA5252231C7C6008268B0 /* Functions.playground */,
				DA2FA5242231C7BF008268B0 /* Exercises.playground */,
				DA2FA51F2231C77C008268B0 /* main.swift */,
			);
			path = Functions;
			sourceTree = "<group>";
		};
		DA9926CF2231E5A60014BFDB /* Collections */ = {
			isa = PBXGroup;
			children = (
				DA9926D52231E5BC0014BFDB /* Collections.playground */,
				DA9926D62231E5BC0014BFDB /* Exercises.playground */,
				DA9926D02231E5A60014BFDB /* main.swift */,
			);
			path = Collections;
			sourceTree = "<group>";
		};
		DA9926DC22331C230014BFDB /* Recursion */ = {
			isa = PBXGroup;
			children = (
				DA9926DD22331C230014BFDB /* main.swift */,
				DA9926E822333DE00014BFDB /* File.txt */,
				DA9926E9223811EB0014BFDB /* evaluateString.swift */,
				DA9926EB223857FF0014BFDB /* searchs.swift */,
				DA9926ED223878520014BFDB /* QuickSort.swift */,
			);
			path = Recursion;
			sourceTree = "<group>";
		};
		DA9926F4223897A20014BFDB /* Crawl */ = {
			isa = PBXGroup;
			children = (
				DA9926F5223897A20014BFDB /* main.swift */,
			);
			path = Crawl;
			sourceTree = "<group>";
		};
		DA9926FF2239C7660014BFDB /* Enum */ = {
			isa = PBXGroup;
			children = (
				DA9927072239C7C70014BFDB /* EnumsStructs.playground */,
				DA9927082239C7C70014BFDB /* Exercises.playground */,
				DA9927002239C7660014BFDB /* main.swift */,
			);
			path = Enum;
			sourceTree = "<group>";
		};
		DA9B7D342230757D00D8E8F3 /* Control */ = {
			isa = PBXGroup;
			children = (
				DA9B7D3B2230758E00D8E8F3 /* ControlFlow.playground */,
				DA9B7D3A2230758E00D8E8F3 /* Exercises.playground */,
				DA9B7D352230757D00D8E8F3 /* main.swift */,
			);
			path = Control;
			sourceTree = "<group>";
		};
		DAA796D6223AF15F0053518C /* Backtracking */ = {
			isa = PBXGroup;
			children = (
				DAA796D7223AF15F0053518C /* main.swift */,
			);
			path = Backtracking;
			sourceTree = "<group>";
		};
		DAA796E1223B0FFE0053518C /* MiniProject */ = {
			isa = PBXGroup;
			children = (
				DAA796E8223B10130053518C /* Board.swift */,
				DAA796E7223B10130053518C /* QueensSolver.swift */,
				DAA796E2223B0FFE0053518C /* main.swift */,
			);
			path = MiniProject;
			sourceTree = "<group>";
		};
		DAACA8AD22308D7D009A8F42 /* SwiftOptionals */ = {
			isa = PBXGroup;
			children = (
				DAEE3356223096A700F3DE59 /* Optionals.playground */,
				DAEE33552230968D00F3DE59 /* Exercises.playground */,
				DAACA8AE22308D7D009A8F42 /* main.swift */,
			);
			path = SwiftOptionals;
			sourceTree = "<group>";
		};
/* End PBXGroup section */

/* Begin PBXNativeTarget section */
		21437683223C403D00375845 /* Friday Exercise 1 */ = {
			isa = PBXNativeTarget;
			buildConfigurationList = 2143768A223C403D00375845 /* Build configuration list for PBXNativeTarget "Friday Exercise 1" */;
			buildPhases = (
				21437680223C403D00375845 /* Sources */,
				21437681223C403D00375845 /* Frameworks */,
				21437682223C403D00375845 /* CopyFiles */,
			);
			buildRules = (
			);
			dependencies = (
			);
			name = "Friday Exercise 1";
			productName = "Friday Exercise 1";
			productReference = 21437684223C403D00375845 /* Friday Exercise 1 */;
			productType = "com.apple.product-type.tool";
		};
		2143768E22403C7400375845 /* Adjacency-Matrix */ = {
			isa = PBXNativeTarget;
			buildConfigurationList = 2143769322403C7500375845 /* Build configuration list for PBXNativeTarget "Adjacency-Matrix" */;
			buildPhases = (
				2143768B22403C7400375845 /* Sources */,
				2143768C22403C7400375845 /* Frameworks */,
				2143768D22403C7400375845 /* CopyFiles */,
			);
			buildRules = (
			);
			dependencies = (
			);
			name = "Adjacency-Matrix";
			productName = "Adjacency-Matrix";
			productReference = 2143768F22403C7400375845 /* Adjacency-Matrix */;
			productType = "com.apple.product-type.tool";
		};
		DA29A221222F311400F60FBE /* Swift-Labs */ = {
			isa = PBXNativeTarget;
			buildConfigurationList = DA29A229222F311400F60FBE /* Build configuration list for PBXNativeTarget "Swift-Labs" */;
			buildPhases = (
				DA29A21E222F311400F60FBE /* Sources */,
				DA29A21F222F311400F60FBE /* Frameworks */,
				DA29A220222F311400F60FBE /* CopyFiles */,
			);
			buildRules = (
			);
			dependencies = (
			);
			name = "Swift-Labs";
			productName = "Swift-Labs";
			productReference = DA29A222222F311400F60FBE /* Swift-Labs */;
			productType = "com.apple.product-type.tool";
		};
		DA2FA51C2231C77B008268B0 /* Functions */ = {
			isa = PBXNativeTarget;
			buildConfigurationList = DA2FA5232231C77C008268B0 /* Build configuration list for PBXNativeTarget "Functions" */;
			buildPhases = (
				DA2FA5192231C77B008268B0 /* Sources */,
				DA2FA51A2231C77B008268B0 /* Frameworks */,
				DA2FA51B2231C77B008268B0 /* CopyFiles */,
			);
			buildRules = (
			);
			dependencies = (
			);
			name = Functions;
			productName = Functions;
			productReference = DA2FA51D2231C77B008268B0 /* Functions */;
			productType = "com.apple.product-type.tool";
		};
		DA9926CD2231E5A60014BFDB /* Collections */ = {
			isa = PBXNativeTarget;
			buildConfigurationList = DA9926D42231E5A60014BFDB /* Build configuration list for PBXNativeTarget "Collections" */;
			buildPhases = (
				DA9926CA2231E5A60014BFDB /* Sources */,
				DA9926CB2231E5A60014BFDB /* Frameworks */,
				DA9926CC2231E5A60014BFDB /* CopyFiles */,
			);
			buildRules = (
			);
			dependencies = (
			);
			name = Collections;
			productName = Collections;
			productReference = DA9926CE2231E5A60014BFDB /* Collections */;
			productType = "com.apple.product-type.tool";
		};
		DA9926DA22331C230014BFDB /* Recursion */ = {
			isa = PBXNativeTarget;
			buildConfigurationList = DA9926DF22331C230014BFDB /* Build configuration list for PBXNativeTarget "Recursion" */;
			buildPhases = (
				DA9926D722331C230014BFDB /* Sources */,
				DA9926D822331C230014BFDB /* Frameworks */,
				DA9926D922331C230014BFDB /* CopyFiles */,
			);
			buildRules = (
			);
			dependencies = (
			);
			name = Recursion;
			productName = Recursion;
			productReference = DA9926DB22331C230014BFDB /* Recursion */;
			productType = "com.apple.product-type.tool";
		};
		DA9926F2223897A10014BFDB /* Crawl */ = {
			isa = PBXNativeTarget;
			buildConfigurationList = DA9926F7223897A20014BFDB /* Build configuration list for PBXNativeTarget "Crawl" */;
			buildPhases = (
				DA9926EF223897A10014BFDB /* Sources */,
				DA9926F0223897A10014BFDB /* Frameworks */,
				DA9926F1223897A10014BFDB /* CopyFiles */,
			);
			buildRules = (
			);
			dependencies = (
			);
			name = Crawl;
			productName = Crawl;
			productReference = DA9926F3223897A10014BFDB /* Crawl */;
			productType = "com.apple.product-type.tool";
		};
		DA9926FD2239C7650014BFDB /* Enum */ = {
			isa = PBXNativeTarget;
			buildConfigurationList = DA9927022239C7660014BFDB /* Build configuration list for PBXNativeTarget "Enum" */;
			buildPhases = (
				DA9926FA2239C7650014BFDB /* Sources */,
				DA9926FB2239C7650014BFDB /* Frameworks */,
				DA9926FC2239C7650014BFDB /* CopyFiles */,
			);
			buildRules = (
			);
			dependencies = (
			);
			name = Enum;
			productName = Enum;
			productReference = DA9926FE2239C7650014BFDB /* Enum */;
			productType = "com.apple.product-type.tool";
		};
		DA9B7D322230757D00D8E8F3 /* Control */ = {
			isa = PBXNativeTarget;
			buildConfigurationList = DA9B7D392230757D00D8E8F3 /* Build configuration list for PBXNativeTarget "Control" */;
			buildPhases = (
				DA9B7D2F2230757D00D8E8F3 /* Sources */,
				DA9B7D302230757D00D8E8F3 /* Frameworks */,
				DA9B7D312230757D00D8E8F3 /* CopyFiles */,
			);
			buildRules = (
			);
			dependencies = (
			);
			name = Control;
			productName = Control;
			productReference = DA9B7D332230757D00D8E8F3 /* Control */;
			productType = "com.apple.product-type.tool";
		};
		DAA796D4223AF15E0053518C /* Backtracking Created Mar. 12Mar. 12 Backtracking Created Mar. 12Mar. 12 Backtracking Backtracking Backtracking Backtracking */ = {
			isa = PBXNativeTarget;
			buildConfigurationList = DAA796D9223AF15F0053518C /* Build configuration list for PBXNativeTarget "Backtracking Created Mar. 12Mar. 12 Backtracking Created Mar. 12Mar. 12 Backtracking Backtracking Backtracking Backtracking" */;
			buildPhases = (
				DAA796D1223AF15E0053518C /* Sources */,
				DAA796D2223AF15E0053518C /* Frameworks */,
				DAA796D3223AF15E0053518C /* CopyFiles */,
			);
			buildRules = (
			);
			dependencies = (
			);
			name = "Backtracking Created Mar. 12Mar. 12 Backtracking Created Mar. 12Mar. 12 Backtracking Backtracking Backtracking Backtracking";
			productName = "Backtracking Created Mar. 12Mar. 12 Backtracking Created Mar. 12Mar. 12 Backtracking Backtracking Backtracking Backtracking";
			productReference = DAA796D5223AF15E0053518C /* Backtracking Created Mar. 12Mar. 12 Backtracking Created Mar. 12Mar. 12 Backtracking Backtracking Backtracking Backtracking */;
			productType = "com.apple.product-type.tool";
		};
		DAA796DF223B0FFE0053518C /* MiniProject */ = {
			isa = PBXNativeTarget;
			buildConfigurationList = DAA796E4223B0FFE0053518C /* Build configuration list for PBXNativeTarget "MiniProject" */;
			buildPhases = (
				DAA796DC223B0FFE0053518C /* Sources */,
				DAA796DD223B0FFE0053518C /* Frameworks */,
				DAA796DE223B0FFE0053518C /* CopyFiles */,
			);
			buildRules = (
			);
			dependencies = (
			);
			name = MiniProject;
			productName = MiniProject;
			productReference = DAA796E0223B0FFE0053518C /* MiniProject */;
			productType = "com.apple.product-type.tool";
		};
		DAACA8AB22308D7D009A8F42 /* SwiftOptionals */ = {
			isa = PBXNativeTarget;
			buildConfigurationList = DAACA8B022308D7D009A8F42 /* Build configuration list for PBXNativeTarget "SwiftOptionals" */;
			buildPhases = (
				DAACA8A822308D7D009A8F42 /* Sources */,
				DAACA8A922308D7D009A8F42 /* Frameworks */,
				DAACA8AA22308D7D009A8F42 /* CopyFiles */,
			);
			buildRules = (
			);
			dependencies = (
			);
			name = SwiftOptionals;
			productName = SwiftOptionals;
			productReference = DAACA8AC22308D7D009A8F42 /* SwiftOptionals */;
			productType = "com.apple.product-type.tool";
		};
/* End PBXNativeTarget section */

/* Begin PBXProject section */
		DA29A21A222F311400F60FBE /* Project object */ = {
			isa = PBXProject;
			attributes = {
				LastSwiftUpdateCheck = 1010;
				LastUpgradeCheck = 1010;
				ORGANIZATIONNAME = Enrique;
				TargetAttributes = {
					21437683223C403D00375845 = {
						CreatedOnToolsVersion = 10.1;
					};
					2143768E22403C7400375845 = {
						CreatedOnToolsVersion = 10.1;
					};
					DA29A221222F311400F60FBE = {
						CreatedOnToolsVersion = 10.1;
					};
					DA2FA51C2231C77B008268B0 = {
						CreatedOnToolsVersion = 10.1;
					};
					DA9926CD2231E5A60014BFDB = {
						CreatedOnToolsVersion = 10.1;
					};
					DA9926DA22331C230014BFDB = {
						CreatedOnToolsVersion = 10.1;
					};
					DA9926F2223897A10014BFDB = {
						CreatedOnToolsVersion = 10.1;
					};
					DA9926FD2239C7650014BFDB = {
						CreatedOnToolsVersion = 10.1;
					};
					DA9B7D322230757D00D8E8F3 = {
						CreatedOnToolsVersion = 10.1;
					};
					DAA796D4223AF15E0053518C = {
						CreatedOnToolsVersion = 10.1;
					};
					DAA796DF223B0FFE0053518C = {
						CreatedOnToolsVersion = 10.1;
					};
					DAACA8AB22308D7D009A8F42 = {
						CreatedOnToolsVersion = 10.1;
					};
				};
			};
			buildConfigurationList = DA29A21D222F311400F60FBE /* Build configuration list for PBXProject "Swift-Labs" */;
			compatibilityVersion = "Xcode 9.3";
			developmentRegion = en;
			hasScannedForEncodings = 0;
			knownRegions = (
				en,
			);
			mainGroup = DA29A219222F311400F60FBE;
			productRefGroup = DA29A223222F311400F60FBE /* Products */;
			projectDirPath = "";
			projectRoot = "";
			targets = (
				DA29A221222F311400F60FBE /* Swift-Labs */,
				DA9B7D322230757D00D8E8F3 /* Control */,
				DAACA8AB22308D7D009A8F42 /* SwiftOptionals */,
				DA2FA51C2231C77B008268B0 /* Functions */,
				DA9926CD2231E5A60014BFDB /* Collections */,
				DA9926DA22331C230014BFDB /* Recursion */,
				DA9926F2223897A10014BFDB /* Crawl */,
				DA9926FD2239C7650014BFDB /* Enum */,
				DAA796D4223AF15E0053518C /* Backtracking Created Mar. 12Mar. 12 Backtracking Created Mar. 12Mar. 12 Backtracking Backtracking Backtracking Backtracking */,
				DAA796DF223B0FFE0053518C /* MiniProject */,
				21437683223C403D00375845 /* Friday Exercise 1 */,
				2143768E22403C7400375845 /* Adjacency-Matrix */,
			);
		};
/* End PBXProject section */

/* Begin PBXSourcesBuildPhase section */
		21437680223C403D00375845 /* Sources */ = {
			isa = PBXSourcesBuildPhase;
			buildActionMask = 2147483647;
			files = (
				21437687223C403D00375845 /* main.swift in Sources */,
			);
			runOnlyForDeploymentPostprocessing = 0;
		};
		2143768B22403C7400375845 /* Sources */ = {
			isa = PBXSourcesBuildPhase;
			buildActionMask = 2147483647;
			files = (
				2143769222403C7500375845 /* main.swift in Sources */,
			);
			runOnlyForDeploymentPostprocessing = 0;
		};
		DA29A21E222F311400F60FBE /* Sources */ = {
			isa = PBXSourcesBuildPhase;
			buildActionMask = 2147483647;
			files = (
				DA29A226222F311400F60FBE /* main.swift in Sources */,
			);
			runOnlyForDeploymentPostprocessing = 0;
		};
		DA2FA5192231C77B008268B0 /* Sources */ = {
			isa = PBXSourcesBuildPhase;
			buildActionMask = 2147483647;
			files = (
				DA2FA5202231C77C008268B0 /* main.swift in Sources */,
			);
			runOnlyForDeploymentPostprocessing = 0;
		};
		DA9926CA2231E5A60014BFDB /* Sources */ = {
			isa = PBXSourcesBuildPhase;
			buildActionMask = 2147483647;
			files = (
				DA9926D12231E5A60014BFDB /* main.swift in Sources */,
			);
			runOnlyForDeploymentPostprocessing = 0;
		};
		DA9926D722331C230014BFDB /* Sources */ = {
			isa = PBXSourcesBuildPhase;
			buildActionMask = 2147483647;
			files = (
				DA9926EC223858000014BFDB /* searchs.swift in Sources */,
				DA9926DE22331C230014BFDB /* main.swift in Sources */,
				DA9926EA223811EB0014BFDB /* evaluateString.swift in Sources */,
				DA9926EE223878520014BFDB /* QuickSort.swift in Sources */,
			);
			runOnlyForDeploymentPostprocessing = 0;
		};
		DA9926EF223897A10014BFDB /* Sources */ = {
			isa = PBXSourcesBuildPhase;
			buildActionMask = 2147483647;
			files = (
				DA9926F6223897A20014BFDB /* main.swift in Sources */,
			);
			runOnlyForDeploymentPostprocessing = 0;
		};
		DA9926FA2239C7650014BFDB /* Sources */ = {
			isa = PBXSourcesBuildPhase;
			buildActionMask = 2147483647;
			files = (
				DA9927012239C7660014BFDB /* main.swift in Sources */,
			);
			runOnlyForDeploymentPostprocessing = 0;
		};
		DA9B7D2F2230757D00D8E8F3 /* Sources */ = {
			isa = PBXSourcesBuildPhase;
			buildActionMask = 2147483647;
			files = (
				DA9B7D362230757D00D8E8F3 /* main.swift in Sources */,
			);
			runOnlyForDeploymentPostprocessing = 0;
		};
		DAA796D1223AF15E0053518C /* Sources */ = {
			isa = PBXSourcesBuildPhase;
			buildActionMask = 2147483647;
			files = (
				DAA796D8223AF15F0053518C /* main.swift in Sources */,
			);
			runOnlyForDeploymentPostprocessing = 0;
		};
		DAA796DC223B0FFE0053518C /* Sources */ = {
			isa = PBXSourcesBuildPhase;
			buildActionMask = 2147483647;
			files = (
				DAA796E3223B0FFE0053518C /* main.swift in Sources */,
				DAA796E9223B10130053518C /* QueensSolver.swift in Sources */,
				DAA796EA223B10130053518C /* Board.swift in Sources */,
			);
			runOnlyForDeploymentPostprocessing = 0;
		};
		DAACA8A822308D7D009A8F42 /* Sources */ = {
			isa = PBXSourcesBuildPhase;
			buildActionMask = 2147483647;
			files = (
				DAACA8AF22308D7D009A8F42 /* main.swift in Sources */,
			);
			runOnlyForDeploymentPostprocessing = 0;
		};
/* End PBXSourcesBuildPhase section */

/* Begin XCBuildConfiguration section */
		21437688223C403D00375845 /* Debug */ = {
			isa = XCBuildConfiguration;
			buildSettings = {
				CODE_SIGN_STYLE = Automatic;
				DEVELOPMENT_TEAM = L7L53ZA324;
				PRODUCT_NAME = "$(TARGET_NAME)";
				SWIFT_VERSION = 4.2;
			};
			name = Debug;
		};
		21437689223C403D00375845 /* Release */ = {
			isa = XCBuildConfiguration;
			buildSettings = {
				CODE_SIGN_STYLE = Automatic;
				DEVELOPMENT_TEAM = L7L53ZA324;
				PRODUCT_NAME = "$(TARGET_NAME)";
				SWIFT_VERSION = 4.2;
			};
			name = Release;
		};
		2143769422403C7500375845 /* Debug */ = {
			isa = XCBuildConfiguration;
			buildSettings = {
				CODE_SIGN_STYLE = Automatic;
				DEVELOPMENT_TEAM = L7L53ZA324;
				PRODUCT_NAME = "$(TARGET_NAME)";
				SWIFT_VERSION = 4.2;
			};
			name = Debug;
		};
		2143769522403C7500375845 /* Release */ = {
			isa = XCBuildConfiguration;
			buildSettings = {
				CODE_SIGN_STYLE = Automatic;
				DEVELOPMENT_TEAM = L7L53ZA324;
				PRODUCT_NAME = "$(TARGET_NAME)";
				SWIFT_VERSION = 4.2;
			};
			name = Release;
		};
		DA29A227222F311400F60FBE /* Debug */ = {
			isa = XCBuildConfiguration;
			buildSettings = {
				ALWAYS_SEARCH_USER_PATHS = NO;
				CLANG_ANALYZER_NONNULL = YES;
				CLANG_ANALYZER_NUMBER_OBJECT_CONVERSION = YES_AGGRESSIVE;
				CLANG_CXX_LANGUAGE_STANDARD = "gnu++14";
				CLANG_CXX_LIBRARY = "libc++";
				CLANG_ENABLE_MODULES = YES;
				CLANG_ENABLE_OBJC_ARC = YES;
				CLANG_ENABLE_OBJC_WEAK = YES;
				CLANG_WARN_BLOCK_CAPTURE_AUTORELEASING = YES;
				CLANG_WARN_BOOL_CONVERSION = YES;
				CLANG_WARN_COMMA = YES;
				CLANG_WARN_CONSTANT_CONVERSION = YES;
				CLANG_WARN_DEPRECATED_OBJC_IMPLEMENTATIONS = YES;
				CLANG_WARN_DIRECT_OBJC_ISA_USAGE = YES_ERROR;
				CLANG_WARN_DOCUMENTATION_COMMENTS = YES;
				CLANG_WARN_EMPTY_BODY = YES;
				CLANG_WARN_ENUM_CONVERSION = YES;
				CLANG_WARN_INFINITE_RECURSION = YES;
				CLANG_WARN_INT_CONVERSION = YES;
				CLANG_WARN_NON_LITERAL_NULL_CONVERSION = YES;
				CLANG_WARN_OBJC_IMPLICIT_RETAIN_SELF = YES;
				CLANG_WARN_OBJC_LITERAL_CONVERSION = YES;
				CLANG_WARN_OBJC_ROOT_CLASS = YES_ERROR;
				CLANG_WARN_RANGE_LOOP_ANALYSIS = YES;
				CLANG_WARN_STRICT_PROTOTYPES = YES;
				CLANG_WARN_SUSPICIOUS_MOVE = YES;
				CLANG_WARN_UNGUARDED_AVAILABILITY = YES_AGGRESSIVE;
				CLANG_WARN_UNREACHABLE_CODE = YES;
				CLANG_WARN__DUPLICATE_METHOD_MATCH = YES;
				CODE_SIGN_IDENTITY = "Mac Developer";
				COPY_PHASE_STRIP = NO;
				DEBUG_INFORMATION_FORMAT = dwarf;
				ENABLE_STRICT_OBJC_MSGSEND = YES;
				ENABLE_TESTABILITY = YES;
				GCC_C_LANGUAGE_STANDARD = gnu11;
				GCC_DYNAMIC_NO_PIC = NO;
				GCC_NO_COMMON_BLOCKS = YES;
				GCC_OPTIMIZATION_LEVEL = 0;
				GCC_PREPROCESSOR_DEFINITIONS = (
					"DEBUG=1",
					"$(inherited)",
				);
				GCC_WARN_64_TO_32_BIT_CONVERSION = YES;
				GCC_WARN_ABOUT_RETURN_TYPE = YES_ERROR;
				GCC_WARN_UNDECLARED_SELECTOR = YES;
				GCC_WARN_UNINITIALIZED_AUTOS = YES_AGGRESSIVE;
				GCC_WARN_UNUSED_FUNCTION = YES;
				GCC_WARN_UNUSED_VARIABLE = YES;
				MACOSX_DEPLOYMENT_TARGET = 10.13;
				MTL_ENABLE_DEBUG_INFO = INCLUDE_SOURCE;
				MTL_FAST_MATH = YES;
				ONLY_ACTIVE_ARCH = YES;
				SDKROOT = macosx;
				SWIFT_ACTIVE_COMPILATION_CONDITIONS = DEBUG;
				SWIFT_OPTIMIZATION_LEVEL = "-Onone";
			};
			name = Debug;
		};
		DA29A228222F311400F60FBE /* Release */ = {
			isa = XCBuildConfiguration;
			buildSettings = {
				ALWAYS_SEARCH_USER_PATHS = NO;
				CLANG_ANALYZER_NONNULL = YES;
				CLANG_ANALYZER_NUMBER_OBJECT_CONVERSION = YES_AGGRESSIVE;
				CLANG_CXX_LANGUAGE_STANDARD = "gnu++14";
				CLANG_CXX_LIBRARY = "libc++";
				CLANG_ENABLE_MODULES = YES;
				CLANG_ENABLE_OBJC_ARC = YES;
				CLANG_ENABLE_OBJC_WEAK = YES;
				CLANG_WARN_BLOCK_CAPTURE_AUTORELEASING = YES;
				CLANG_WARN_BOOL_CONVERSION = YES;
				CLANG_WARN_COMMA = YES;
				CLANG_WARN_CONSTANT_CONVERSION = YES;
				CLANG_WARN_DEPRECATED_OBJC_IMPLEMENTATIONS = YES;
				CLANG_WARN_DIRECT_OBJC_ISA_USAGE = YES_ERROR;
				CLANG_WARN_DOCUMENTATION_COMMENTS = YES;
				CLANG_WARN_EMPTY_BODY = YES;
				CLANG_WARN_ENUM_CONVERSION = YES;
				CLANG_WARN_INFINITE_RECURSION = YES;
				CLANG_WARN_INT_CONVERSION = YES;
				CLANG_WARN_NON_LITERAL_NULL_CONVERSION = YES;
				CLANG_WARN_OBJC_IMPLICIT_RETAIN_SELF = YES;
				CLANG_WARN_OBJC_LITERAL_CONVERSION = YES;
				CLANG_WARN_OBJC_ROOT_CLASS = YES_ERROR;
				CLANG_WARN_RANGE_LOOP_ANALYSIS = YES;
				CLANG_WARN_STRICT_PROTOTYPES = YES;
				CLANG_WARN_SUSPICIOUS_MOVE = YES;
				CLANG_WARN_UNGUARDED_AVAILABILITY = YES_AGGRESSIVE;
				CLANG_WARN_UNREACHABLE_CODE = YES;
				CLANG_WARN__DUPLICATE_METHOD_MATCH = YES;
				CODE_SIGN_IDENTITY = "Mac Developer";
				COPY_PHASE_STRIP = NO;
				DEBUG_INFORMATION_FORMAT = "dwarf-with-dsym";
				ENABLE_NS_ASSERTIONS = NO;
				ENABLE_STRICT_OBJC_MSGSEND = YES;
				GCC_C_LANGUAGE_STANDARD = gnu11;
				GCC_NO_COMMON_BLOCKS = YES;
				GCC_WARN_64_TO_32_BIT_CONVERSION = YES;
				GCC_WARN_ABOUT_RETURN_TYPE = YES_ERROR;
				GCC_WARN_UNDECLARED_SELECTOR = YES;
				GCC_WARN_UNINITIALIZED_AUTOS = YES_AGGRESSIVE;
				GCC_WARN_UNUSED_FUNCTION = YES;
				GCC_WARN_UNUSED_VARIABLE = YES;
				MACOSX_DEPLOYMENT_TARGET = 10.13;
				MTL_ENABLE_DEBUG_INFO = NO;
				MTL_FAST_MATH = YES;
				SDKROOT = macosx;
				SWIFT_COMPILATION_MODE = wholemodule;
				SWIFT_OPTIMIZATION_LEVEL = "-O";
			};
			name = Release;
		};
		DA29A22A222F311400F60FBE /* Debug */ = {
			isa = XCBuildConfiguration;
			buildSettings = {
				CODE_SIGN_STYLE = Automatic;
				DEVELOPMENT_TEAM = L7L53ZA324;
				PRODUCT_NAME = "$(TARGET_NAME)";
				SWIFT_VERSION = 4.2;
			};
			name = Debug;
		};
		DA29A22B222F311400F60FBE /* Release */ = {
			isa = XCBuildConfiguration;
			buildSettings = {
				CODE_SIGN_STYLE = Automatic;
				DEVELOPMENT_TEAM = L7L53ZA324;
				PRODUCT_NAME = "$(TARGET_NAME)";
				SWIFT_VERSION = 4.2;
			};
			name = Release;
		};
		DA2FA5212231C77C008268B0 /* Debug */ = {
			isa = XCBuildConfiguration;
			buildSettings = {
				CODE_SIGN_STYLE = Automatic;
				DEVELOPMENT_TEAM = L7L53ZA324;
				PRODUCT_NAME = "$(TARGET_NAME)";
				SWIFT_VERSION = 4.2;
			};
			name = Debug;
		};
		DA2FA5222231C77C008268B0 /* Release */ = {
			isa = XCBuildConfiguration;
			buildSettings = {
				CODE_SIGN_STYLE = Automatic;
				DEVELOPMENT_TEAM = L7L53ZA324;
				PRODUCT_NAME = "$(TARGET_NAME)";
				SWIFT_VERSION = 4.2;
			};
			name = Release;
		};
		DA9926D22231E5A60014BFDB /* Debug */ = {
			isa = XCBuildConfiguration;
			buildSettings = {
				CODE_SIGN_STYLE = Automatic;
				DEVELOPMENT_TEAM = L7L53ZA324;
				PRODUCT_NAME = "$(TARGET_NAME)";
				SWIFT_VERSION = 4.2;
			};
			name = Debug;
		};
		DA9926D32231E5A60014BFDB /* Release */ = {
			isa = XCBuildConfiguration;
			buildSettings = {
				CODE_SIGN_STYLE = Automatic;
				DEVELOPMENT_TEAM = L7L53ZA324;
				PRODUCT_NAME = "$(TARGET_NAME)";
				SWIFT_VERSION = 4.2;
			};
			name = Release;
		};
		DA9926E022331C230014BFDB /* Debug */ = {
			isa = XCBuildConfiguration;
			buildSettings = {
				CODE_SIGN_STYLE = Automatic;
				DEVELOPMENT_TEAM = L7L53ZA324;
				PRODUCT_NAME = "$(TARGET_NAME)";
				SWIFT_VERSION = 4.2;
			};
			name = Debug;
		};
		DA9926E122331C230014BFDB /* Release */ = {
			isa = XCBuildConfiguration;
			buildSettings = {
				CODE_SIGN_STYLE = Automatic;
				DEVELOPMENT_TEAM = L7L53ZA324;
				PRODUCT_NAME = "$(TARGET_NAME)";
				SWIFT_VERSION = 4.2;
			};
			name = Release;
		};
		DA9926F8223897A20014BFDB /* Debug */ = {
			isa = XCBuildConfiguration;
			buildSettings = {
				CODE_SIGN_STYLE = Automatic;
				DEVELOPMENT_TEAM = L7L53ZA324;
				PRODUCT_NAME = "$(TARGET_NAME)";
				SWIFT_VERSION = 4.2;
			};
			name = Debug;
		};
		DA9926F9223897A20014BFDB /* Release */ = {
			isa = XCBuildConfiguration;
			buildSettings = {
				CODE_SIGN_STYLE = Automatic;
				DEVELOPMENT_TEAM = L7L53ZA324;
				PRODUCT_NAME = "$(TARGET_NAME)";
				SWIFT_VERSION = 4.2;
			};
			name = Release;
		};
		DA9927032239C7660014BFDB /* Debug */ = {
			isa = XCBuildConfiguration;
			buildSettings = {
				CODE_SIGN_STYLE = Automatic;
				DEVELOPMENT_TEAM = L7L53ZA324;
				PRODUCT_NAME = "$(TARGET_NAME)";
				SWIFT_VERSION = 4.2;
			};
			name = Debug;
		};
		DA9927042239C7660014BFDB /* Release */ = {
			isa = XCBuildConfiguration;
			buildSettings = {
				CODE_SIGN_STYLE = Automatic;
				DEVELOPMENT_TEAM = L7L53ZA324;
				PRODUCT_NAME = "$(TARGET_NAME)";
				SWIFT_VERSION = 4.2;
			};
			name = Release;
		};
		DA9B7D372230757D00D8E8F3 /* Debug */ = {
			isa = XCBuildConfiguration;
			buildSettings = {
				CODE_SIGN_STYLE = Automatic;
				DEVELOPMENT_TEAM = L7L53ZA324;
				PRODUCT_NAME = "$(TARGET_NAME)";
				SWIFT_VERSION = 4.2;
			};
			name = Debug;
		};
		DA9B7D382230757D00D8E8F3 /* Release */ = {
			isa = XCBuildConfiguration;
			buildSettings = {
				CODE_SIGN_STYLE = Automatic;
				DEVELOPMENT_TEAM = L7L53ZA324;
				PRODUCT_NAME = "$(TARGET_NAME)";
				SWIFT_VERSION = 4.2;
			};
			name = Release;
		};
		DAA796DA223AF15F0053518C /* Debug */ = {
			isa = XCBuildConfiguration;
			buildSettings = {
				CODE_SIGN_STYLE = Automatic;
				DEVELOPMENT_TEAM = L7L53ZA324;
				PRODUCT_NAME = "$(TARGET_NAME)";
				SWIFT_VERSION = 4.2;
			};
			name = Debug;
		};
		DAA796DB223AF15F0053518C /* Release */ = {
			isa = XCBuildConfiguration;
			buildSettings = {
				CODE_SIGN_STYLE = Automatic;
				DEVELOPMENT_TEAM = L7L53ZA324;
				PRODUCT_NAME = "$(TARGET_NAME)";
				SWIFT_VERSION = 4.2;
			};
			name = Release;
		};
		DAA796E5223B0FFE0053518C /* Debug */ = {
			isa = XCBuildConfiguration;
			buildSettings = {
				CODE_SIGN_STYLE = Automatic;
				DEVELOPMENT_TEAM = L7L53ZA324;
				PRODUCT_NAME = "$(TARGET_NAME)";
				SWIFT_VERSION = 4.2;
			};
			name = Debug;
		};
		DAA796E6223B0FFE0053518C /* Release */ = {
			isa = XCBuildConfiguration;
			buildSettings = {
				CODE_SIGN_STYLE = Automatic;
				DEVELOPMENT_TEAM = L7L53ZA324;
				PRODUCT_NAME = "$(TARGET_NAME)";
				SWIFT_VERSION = 4.2;
			};
			name = Release;
		};
		DAACA8B122308D7D009A8F42 /* Debug */ = {
			isa = XCBuildConfiguration;
			buildSettings = {
				CODE_SIGN_STYLE = Automatic;
				DEVELOPMENT_TEAM = L7L53ZA324;
				PRODUCT_NAME = "$(TARGET_NAME)";
				SWIFT_VERSION = 4.2;
			};
			name = Debug;
		};
		DAACA8B222308D7D009A8F42 /* Release */ = {
			isa = XCBuildConfiguration;
			buildSettings = {
				CODE_SIGN_STYLE = Automatic;
				DEVELOPMENT_TEAM = L7L53ZA324;
				PRODUCT_NAME = "$(TARGET_NAME)";
				SWIFT_VERSION = 4.2;
			};
			name = Release;
		};
/* End XCBuildConfiguration section */

/* Begin XCConfigurationList section */
		2143768A223C403D00375845 /* Build configuration list for PBXNativeTarget "Friday Exercise 1" */ = {
			isa = XCConfigurationList;
			buildConfigurations = (
				21437688223C403D00375845 /* Debug */,
				21437689223C403D00375845 /* Release */,
			);
			defaultConfigurationIsVisible = 0;
			defaultConfigurationName = Release;
		};
		2143769322403C7500375845 /* Build configuration list for PBXNativeTarget "Adjacency-Matrix" */ = {
			isa = XCConfigurationList;
			buildConfigurations = (
				2143769422403C7500375845 /* Debug */,
				2143769522403C7500375845 /* Release */,
			);
			defaultConfigurationIsVisible = 0;
			defaultConfigurationName = Release;
		};
		DA29A21D222F311400F60FBE /* Build configuration list for PBXProject "Swift-Labs" */ = {
			isa = XCConfigurationList;
			buildConfigurations = (
				DA29A227222F311400F60FBE /* Debug */,
				DA29A228222F311400F60FBE /* Release */,
			);
			defaultConfigurationIsVisible = 0;
			defaultConfigurationName = Release;
		};
		DA29A229222F311400F60FBE /* Build configuration list for PBXNativeTarget "Swift-Labs" */ = {
			isa = XCConfigurationList;
			buildConfigurations = (
				DA29A22A222F311400F60FBE /* Debug */,
				DA29A22B222F311400F60FBE /* Release */,
			);
			defaultConfigurationIsVisible = 0;
			defaultConfigurationName = Release;
		};
		DA2FA5232231C77C008268B0 /* Build configuration list for PBXNativeTarget "Functions" */ = {
			isa = XCConfigurationList;
			buildConfigurations = (
				DA2FA5212231C77C008268B0 /* Debug */,
				DA2FA5222231C77C008268B0 /* Release */,
			);
			defaultConfigurationIsVisible = 0;
			defaultConfigurationName = Release;
		};
		DA9926D42231E5A60014BFDB /* Build configuration list for PBXNativeTarget "Collections" */ = {
			isa = XCConfigurationList;
			buildConfigurations = (
				DA9926D22231E5A60014BFDB /* Debug */,
				DA9926D32231E5A60014BFDB /* Release */,
			);
			defaultConfigurationIsVisible = 0;
			defaultConfigurationName = Release;
		};
		DA9926DF22331C230014BFDB /* Build configuration list for PBXNativeTarget "Recursion" */ = {
			isa = XCConfigurationList;
			buildConfigurations = (
				DA9926E022331C230014BFDB /* Debug */,
				DA9926E122331C230014BFDB /* Release */,
			);
			defaultConfigurationIsVisible = 0;
			defaultConfigurationName = Release;
		};
		DA9926F7223897A20014BFDB /* Build configuration list for PBXNativeTarget "Crawl" */ = {
			isa = XCConfigurationList;
			buildConfigurations = (
				DA9926F8223897A20014BFDB /* Debug */,
				DA9926F9223897A20014BFDB /* Release */,
			);
			defaultConfigurationIsVisible = 0;
			defaultConfigurationName = Release;
		};
		DA9927022239C7660014BFDB /* Build configuration list for PBXNativeTarget "Enum" */ = {
			isa = XCConfigurationList;
			buildConfigurations = (
				DA9927032239C7660014BFDB /* Debug */,
				DA9927042239C7660014BFDB /* Release */,
			);
			defaultConfigurationIsVisible = 0;
			defaultConfigurationName = Release;
		};
		DA9B7D392230757D00D8E8F3 /* Build configuration list for PBXNativeTarget "Control" */ = {
			isa = XCConfigurationList;
			buildConfigurations = (
				DA9B7D372230757D00D8E8F3 /* Debug */,
				DA9B7D382230757D00D8E8F3 /* Release */,
			);
			defaultConfigurationIsVisible = 0;
			defaultConfigurationName = Release;
		};
		DAA796D9223AF15F0053518C /* Build configuration list for PBXNativeTarget "Backtracking Created Mar. 12Mar. 12 Backtracking Created Mar. 12Mar. 12 Backtracking Backtracking Backtracking Backtracking" */ = {
			isa = XCConfigurationList;
			buildConfigurations = (
				DAA796DA223AF15F0053518C /* Debug */,
				DAA796DB223AF15F0053518C /* Release */,
			);
			defaultConfigurationIsVisible = 0;
			defaultConfigurationName = Release;
		};
		DAA796E4223B0FFE0053518C /* Build configuration list for PBXNativeTarget "MiniProject" */ = {
			isa = XCConfigurationList;
			buildConfigurations = (
				DAA796E5223B0FFE0053518C /* Debug */,
				DAA796E6223B0FFE0053518C /* Release */,
			);
			defaultConfigurationIsVisible = 0;
			defaultConfigurationName = Release;
		};
		DAACA8B022308D7D009A8F42 /* Build configuration list for PBXNativeTarget "SwiftOptionals" */ = {
			isa = XCConfigurationList;
			buildConfigurations = (
				DAACA8B122308D7D009A8F42 /* Debug */,
				DAACA8B222308D7D009A8F42 /* Release */,
			);
			defaultConfigurationIsVisible = 0;
			defaultConfigurationName = Release;
		};
/* End XCConfigurationList section */
	};
	rootObject = DA29A21A222F311400F60FBE /* Project object */;
}
